
Microsoft Visual Studio Solution File, Format Version 12.00
# Visual Studio Version 17
VisualStudioVersion = 17.14.36603.0 d17.14
MinimumVisualStudioVersion = 10.0.40219.1
Project("{FAE04EC0-301F-11D3-BF4B-00C04F79EFBC}") = "Laboratorium_5", "Laboratorium_5\Laboratorium_5.csproj", "{C5C2B455-CFAF-4EDE-9337-BEFCBFA0CA77}"
EndProject
Global
	GlobalSection(SolutionConfigurationPlatforms) = preSolution
		Debug|Any CPU = Debug|Any CPU
		Release|Any CPU = Release|Any CPU
	EndGlobalSection
	GlobalSection(ProjectConfigurationPlatforms) = postSolution
		{C5C2B455-CFAF-4EDE-9337-BEFCBFA0CA77}.Debug|Any CPU.ActiveCfg = Debug|Any CPU
		{C5C2B455-CFAF-4EDE-9337-BEFCBFA0CA77}.Debug|Any CPU.Build.0 = Debug|Any CPU
		{C5C2B455-CFAF-4EDE-9337-BEFCBFA0CA77}.Release|Any CPU.ActiveCfg = Release|Any CPU
		{C5C2B455-CFAF-4EDE-9337-BEFCBFA0CA77}.Release|Any CPU.Build.0 = Release|Any CPU
	EndGlobalSection
	GlobalSection(SolutionProperties) = preSolution
		HideSolutionNode = FALSE
	EndGlobalSection
	GlobalSection(ExtensibilityGlobals) = postSolution
		SolutionGuid = {A2631B8B-5F58-45D4-BE8B-30FBC8CFE75C}
	EndGlobalSection
EndGlobal
