
Microsoft Visual Studio Solution File, Format Version 12.00
# Visual Studio Version 17
VisualStudioVersion = 17.14.36603.0 d17.14
MinimumVisualStudioVersion = 10.0.40219.1
Project("{FAE04EC0-301F-11D3-BF4B-00C04F79EFBC}") = "Laboratorium_3", "Laboratorium_3\Laboratorium_3.csproj", "{07B1B640-7062-446A-83F6-338BF1C1EA83}"
EndProject
Global
	GlobalSection(SolutionConfigurationPlatforms) = preSolution
		Debug|Any CPU = Debug|Any CPU
		Release|Any CPU = Release|Any CPU
	EndGlobalSection
	GlobalSection(ProjectConfigurationPlatforms) = postSolution
		{07B1B640-7062-446A-83F6-338BF1C1EA83}.Debug|Any CPU.ActiveCfg = Debug|Any CPU
		{07B1B640-7062-446A-83F6-338BF1C1EA83}.Debug|Any CPU.Build.0 = Debug|Any CPU
		{07B1B640-7062-446A-83F6-338BF1C1EA83}.Release|Any CPU.ActiveCfg = Release|Any CPU
		{07B1B640-7062-446A-83F6-338BF1C1EA83}.Release|Any CPU.Build.0 = Release|Any CPU
	EndGlobalSection
	GlobalSection(SolutionProperties) = preSolution
		HideSolutionNode = FALSE
	EndGlobalSection
	GlobalSection(ExtensibilityGlobals) = postSolution
		SolutionGuid = {7802E5D9-7E2E-4021-B501-0CD89F124594}
	EndGlobalSection
EndGlobal
